<?xml version="1.0" encoding="utf-8"?>
<Project ToolsVersion="4.0" xmlns="http://schemas.microsoft.com/developer/msbuild/2003">
  <ItemGroup>
    <Filter Include="SRC">
      <UniqueIdentifier>{f9286456-91bc-4e92-9d6d-0b4018b8e0a8}</UniqueIdentifier>
    </Filter>
    <Filter Include="SRC\CastleSDK">
      <UniqueIdentifier>{e4ecd95c-240b-4a3b-a31c-fb9fdcfb1529}</UniqueIdentifier>
    </Filter>
    <Filter Include="SRC\WinCastle">
      <UniqueIdentifier>{cb854ce3-6952-447b-bcfd-c094fddda427}</UniqueIdentifier>
    </Filter>
  </ItemGroup>
  <ItemGroup>
    <None Include="README.md" />
  </ItemGroup>
  <ItemGroup>
    <ClInclude Include="..\SRC\CastleSDK\CastleSDK.h">
      <Filter>SRC\CastleSDK</Filter>
    </ClInclude>
    <ClInclude Include="..\SRC\WinCastle\Castle2.h">
      <Filter>SRC\WinCastle</Filter>
    </ClInclude>
    <ClInclude Include="..\SRC\WinCastle\DataStream.h">
      <Filter>SRC\WinCastle</Filter>
    </ClInclude>
    <ClInclude Include="..\SRC\WinCastle\Defines.h">
      <Filter>SRC\WinCastle</Filter>
    </ClInclude>
    <ClInclude Include="..\SRC\WinCastle\Plugin.h">
      <Filter>SRC\WinCastle</Filter>
    </ClInclude>
    <ClInclude Include="..\SRC\WinCastle\resource.h">
      <Filter>SRC\WinCastle</Filter>
    </ClInclude>
  </ItemGroup>
  <ItemGroup>
    <ClCompile Include="..\SRC\WinCastle\CastleGame2.cpp">
      <Filter>SRC\WinCastle</Filter>
    </ClCompile>
    <ClCompile Include="..\SRC\WinCastle\main.cpp">
      <Filter>SRC\WinCastle</Filter>
    </ClCompile>
    <ClCompile Include="..\SRC\WinCastle\Plugin.cpp">
      <Filter>SRC\WinCastle</Filter>
    </ClCompile>
    <ClCompile Include="..\SRC\WinCastle\DataStream.cpp">
      <Filter>SRC\WinCastle</Filter>
    </ClCompile>
  </ItemGroup>
  <ItemGroup>
    <Image Include="..\SRC\WinCastle\Castle.ico">
      <Filter>SRC\WinCastle</Filter>
    </Image>
  </ItemGroup>
  <ItemGroup>
    <ResourceCompile Include="..\SRC\WinCastle\cresource.rc">
      <Filter>SRC\WinCastle</Filter>
    </ResourceCompile>
  </ItemGroup>
</Project>