<?xml version="1.0" encoding="utf-8"?>
<Project ToolsVersion="4.0" xmlns="http://schemas.microsoft.com/developer/msbuild/2003">
  <ItemGroup>
    <ClCompile Include="CastleGame2.cpp" />
    <ClCompile Include="DataStream2.cpp" />
    <ClCompile Include="main.cpp" />
    <ClCompile Include="eglib\EGString.cpp">
      <Filter>eglib</Filter>
    </ClCompile>
    <ClCompile Include="eglib\EGParse.cpp">
      <Filter>eglib</Filter>
    </ClCompile>
  </ItemGroup>
  <ItemGroup>
    <ClInclude Include="CastleGame2.h" />
    <ClInclude Include="DataStream2.h" />
    <ClInclude Include="eglib\EGArray.h">
      <Filter>eglib</Filter>
    </ClInclude>
    <ClInclude Include="eglib\EGParse.h">
      <Filter>eglib</Filter>
    </ClInclude>
    <ClInclude Include="eglib\EGString.h">
      <Filter>eglib</Filter>
    </ClInclude>
    <ClInclude Include="CastleTypes.h" />
    <ClInclude Include="resource.h" />
  </ItemGroup>
  <ItemGroup>
    <ResourceCompile Include="cresource.rc" />
  </ItemGroup>
  <ItemGroup>
    <None Include="Castle.ico" />
    <None Include="Adventure.tba" />
    <None Include="Test.tba" />
  </ItemGroup>
  <ItemGroup>
    <Filter Include="eglib">
      <UniqueIdentifier>{37436e4b-da76-483e-ab3f-c9ec2280a57d}</UniqueIdentifier>
    </Filter>
  </ItemGroup>
</Project>